// !$*UTF8*$!
{
	archiveVersion = 1;
	classes = {
	};
	objectVersion = 53;
	objects = {

/* Begin PBXBuildFile section */
		21DAA14924F88F8C21CFE9B0 /* Pods_Parstagram_ParstagramUITests.framework in Frameworks */ = {isa = PBXBuildFile; fileRef = 1D17AC5421A23CF639B2776D /* Pods_Parstagram_ParstagramUITests.framework */; };
		8639F73728FA7E500093A12C /* LoginViewController.swift in Sources */ = {isa = PBXBuildFile; fileRef = 8639F73628FA7E500093A12C /* LoginViewController.swift */; };
		8639F73928FA7E5F0093A12C /* FeedViewController.swift in Sources */ = {isa = PBXBuildFile; fileRef = 8639F73828FA7E5F0093A12C /* FeedViewController.swift */; };
		866CA9E529039A20007BB514 /* PostCell.swift in Sources */ = {isa = PBXBuildFile; fileRef = 866CA9E429039A20007BB514 /* PostCell.swift */; };
		866CA9E92903B202007BB514 /* CommentCell.swift in Sources */ = {isa = PBXBuildFile; fileRef = 866CA9E82903B202007BB514 /* CommentCell.swift */; };
		86AB7E4B28FA756D00F7C609 /* AppDelegate.swift in Sources */ = {isa = PBXBuildFile; fileRef = 86AB7E4A28FA756D00F7C609 /* AppDelegate.swift */; };
		86AB7E4D28FA756D00F7C609 /* SceneDelegate.swift in Sources */ = {isa = PBXBuildFile; fileRef = 86AB7E4C28FA756D00F7C609 /* SceneDelegate.swift */; };
		86AB7E5228FA756D00F7C609 /* Main.storyboard in Resources */ = {isa = PBXBuildFile; fileRef = 86AB7E5028FA756D00F7C609 /* Main.storyboard */; };
		86AB7E5428FA756E00F7C609 /* Assets.xcassets in Resources */ = {isa = PBXBuildFile; fileRef = 86AB7E5328FA756E00F7C609 /* Assets.xcassets */; };
		86AB7E5728FA756E00F7C609 /* LaunchScreen.storyboard in Resources */ = {isa = PBXBuildFile; fileRef = 86AB7E5528FA756E00F7C609 /* LaunchScreen.storyboard */; };
		86AB7E6228FA756E00F7C609 /* ParstagramTests.swift in Sources */ = {isa = PBXBuildFile; fileRef = 86AB7E6128FA756E00F7C609 /* ParstagramTests.swift */; };
		86AB7E6C28FA756E00F7C609 /* ParstagramUITests.swift in Sources */ = {isa = PBXBuildFile; fileRef = 86AB7E6B28FA756E00F7C609 /* ParstagramUITests.swift */; };
		86AB7E6E28FA756E00F7C609 /* ParstagramUITestsLaunchTests.swift in Sources */ = {isa = PBXBuildFile; fileRef = 86AB7E6D28FA756E00F7C609 /* ParstagramUITestsLaunchTests.swift */; };
		86FA30422900A3B9004F63B4 /* CameraViewController.swift in Sources */ = {isa = PBXBuildFile; fileRef = 86FA30412900A3B9004F63B4 /* CameraViewController.swift */; };
		8CDC2D8F666A32207432B9B4 /* Pods_ParstagramTests.framework in Frameworks */ = {isa = PBXBuildFile; fileRef = D11E5C3BEBA1CAB34E9D8EDA /* Pods_ParstagramTests.framework */; };
		FC46263ACA4CD632E228324B /* Pods_Parstagram.framework in Frameworks */ = {isa = PBXBuildFile; fileRef = 84F75D19C13D1157EDD8F1D1 /* Pods_Parstagram.framework */; };
/* End PBXBuildFile section */

/* Begin PBXContainerItemProxy section */
		86AB7E5E28FA756E00F7C609 /* PBXContainerItemProxy */ = {
			isa = PBXContainerItemProxy;
			containerPortal = 86AB7E3F28FA756D00F7C609 /* Project object */;
			proxyType = 1;
			remoteGlobalIDString = 86AB7E4628FA756D00F7C609;
			remoteInfo = Parstagram;
		};
		86AB7E6828FA756E00F7C609 /* PBXContainerItemProxy */ = {
			isa = PBXContainerItemProxy;
			containerPortal = 86AB7E3F28FA756D00F7C609 /* Project object */;
			proxyType = 1;
			remoteGlobalIDString = 86AB7E4628FA756D00F7C609;
			remoteInfo = Parstagram;
		};
/* End PBXContainerItemProxy section */

/* Begin PBXFileReference section */
		0DB753F90874F6C0A72C4396 /* Pods-Parstagram.release.xcconfig */ = {isa = PBXFileReference; includeInIndex = 1; lastKnownFileType = text.xcconfig; name = "Pods-Parstagram.release.xcconfig"; path = "Target Support Files/Pods-Parstagram/Pods-Parstagram.release.xcconfig"; sourceTree = "<group>"; };
		1A65D39916AF194414674626 /* Pods-Parstagram.debug.xcconfig */ = {isa = PBXFileReference; includeInIndex = 1; lastKnownFileType = text.xcconfig; name = "Pods-Parstagram.debug.xcconfig"; path = "Target Support Files/Pods-Parstagram/Pods-Parstagram.debug.xcconfig"; sourceTree = "<group>"; };
		1D17AC5421A23CF639B2776D /* Pods_Parstagram_ParstagramUITests.framework */ = {isa = PBXFileReference; explicitFileType = wrapper.framework; includeInIndex = 0; path = Pods_Parstagram_ParstagramUITests.framework; sourceTree = BUILT_PRODUCTS_DIR; };
		569B30BA2C05C8782785F1E3 /* Pods-Parstagram-ParstagramUITests.release.xcconfig */ = {isa = PBXFileReference; includeInIndex = 1; lastKnownFileType = text.xcconfig; name = "Pods-Parstagram-ParstagramUITests.release.xcconfig"; path = "Target Support Files/Pods-Parstagram-ParstagramUITests/Pods-Parstagram-ParstagramUITests.release.xcconfig"; sourceTree = "<group>"; };
		6CEF518319D5EC279D894BD2 /* Pods-ParstagramTests.debug.xcconfig */ = {isa = PBXFileReference; includeInIndex = 1; lastKnownFileType = text.xcconfig; name = "Pods-ParstagramTests.debug.xcconfig"; path = "Target Support Files/Pods-ParstagramTests/Pods-ParstagramTests.debug.xcconfig"; sourceTree = "<group>"; };
		80321F173B8762988E3F4671 /* Pods-ParstagramTests.release.xcconfig */ = {isa = PBXFileReference; includeInIndex = 1; lastKnownFileType = text.xcconfig; name = "Pods-ParstagramTests.release.xcconfig"; path = "Target Support Files/Pods-ParstagramTests/Pods-ParstagramTests.release.xcconfig"; sourceTree = "<group>"; };
		84F75D19C13D1157EDD8F1D1 /* Pods_Parstagram.framework */ = {isa = PBXFileReference; explicitFileType = wrapper.framework; includeInIndex = 0; path = Pods_Parstagram.framework; sourceTree = BUILT_PRODUCTS_DIR; };
		8639F73628FA7E500093A12C /* LoginViewController.swift */ = {isa = PBXFileReference; lastKnownFileType = sourcecode.swift; path = LoginViewController.swift; sourceTree = "<group>"; };
		8639F73828FA7E5F0093A12C /* FeedViewController.swift */ = {isa = PBXFileReference; lastKnownFileType = sourcecode.swift; path = FeedViewController.swift; sourceTree = "<group>"; };
		866CA9E429039A20007BB514 /* PostCell.swift */ = {isa = PBXFileReference; lastKnownFileType = sourcecode.swift; path = PostCell.swift; sourceTree = "<group>"; };
		866CA9E82903B202007BB514 /* CommentCell.swift */ = {isa = PBXFileReference; lastKnownFileType = sourcecode.swift; path = CommentCell.swift; sourceTree = "<group>"; };
		86AB7E4728FA756D00F7C609 /* Parstagram.app */ = {isa = PBXFileReference; explicitFileType = wrapper.application; includeInIndex = 0; path = Parstagram.app; sourceTree = BUILT_PRODUCTS_DIR; };
		86AB7E4A28FA756D00F7C609 /* AppDelegate.swift */ = {isa = PBXFileReference; lastKnownFileType = sourcecode.swift; path = AppDelegate.swift; sourceTree = "<group>"; };
		86AB7E4C28FA756D00F7C609 /* SceneDelegate.swift */ = {isa = PBXFileReference; lastKnownFileType = sourcecode.swift; path = SceneDelegate.swift; sourceTree = "<group>"; };
		86AB7E5128FA756D00F7C609 /* Base */ = {isa = PBXFileReference; lastKnownFileType = file.storyboard; name = Base; path = Base.lproj/Main.storyboard; sourceTree = "<group>"; };
		86AB7E5328FA756E00F7C609 /* Assets.xcassets */ = {isa = PBXFileReference; lastKnownFileType = folder.assetcatalog; path = Assets.xcassets; sourceTree = "<group>"; };
		86AB7E5628FA756E00F7C609 /* Base */ = {isa = PBXFileReference; lastKnownFileType = file.storyboard; name = Base; path = Base.lproj/LaunchScreen.storyboard; sourceTree = "<group>"; };
		86AB7E5828FA756E00F7C609 /* Info.plist */ = {isa = PBXFileReference; lastKnownFileType = text.plist.xml; path = Info.plist; sourceTree = "<group>"; };
		86AB7E5D28FA756E00F7C609 /* ParstagramTests.xctest */ = {isa = PBXFileReference; explicitFileType = wrapper.cfbundle; includeInIndex = 0; path = ParstagramTests.xctest; sourceTree = BUILT_PRODUCTS_DIR; };
		86AB7E6128FA756E00F7C609 /* ParstagramTests.swift */ = {isa = PBXFileReference; lastKnownFileType = sourcecode.swift; path = ParstagramTests.swift; sourceTree = "<group>"; };
		86AB7E6728FA756E00F7C609 /* ParstagramUITests.xctest */ = {isa = PBXFileReference; explicitFileType = wrapper.cfbundle; includeInIndex = 0; path = ParstagramUITests.xctest; sourceTree = BUILT_PRODUCTS_DIR; };
		86AB7E6B28FA756E00F7C609 /* ParstagramUITests.swift */ = {isa = PBXFileReference; lastKnownFileType = sourcecode.swift; path = ParstagramUITests.swift; sourceTree = "<group>"; };
		86AB7E6D28FA756E00F7C609 /* ParstagramUITestsLaunchTests.swift */ = {isa = PBXFileReference; lastKnownFileType = sourcecode.swift; path = ParstagramUITestsLaunchTests.swift; sourceTree = "<group>"; };
		86FA30412900A3B9004F63B4 /* CameraViewController.swift */ = {isa = PBXFileReference; lastKnownFileType = sourcecode.swift; path = CameraViewController.swift; sourceTree = "<group>"; };
		BDD804F7F59D4F0A531C1FAE /* Pods-Parstagram-ParstagramUITests.debug.xcconfig */ = {isa = PBXFileReference; includeInIndex = 1; lastKnownFileType = text.xcconfig; name = "Pods-Parstagram-ParstagramUITests.debug.xcconfig"; path = "Target Support Files/Pods-Parstagram-ParstagramUITests/Pods-Parstagram-ParstagramUITests.debug.xcconfig"; sourceTree = "<group>"; };
		D11E5C3BEBA1CAB34E9D8EDA /* Pods_ParstagramTests.framework */ = {isa = PBXFileReference; explicitFileType = wrapper.framework; includeInIndex = 0; path = Pods_ParstagramTests.framework; sourceTree = BUILT_PRODUCTS_DIR; };
/* End PBXFileReference section */

/* Begin PBXFrameworksBuildPhase section */
		86AB7E4428FA756D00F7C609 /* Frameworks */ = {
			isa = PBXFrameworksBuildPhase;
			buildActionMask = 2147483647;
			files = (
				FC46263ACA4CD632E228324B /* Pods_Parstagram.framework in Frameworks */,
			);
			runOnlyForDeploymentPostprocessing = 0;
		};
		86AB7E5A28FA756E00F7C609 /* Frameworks */ = {
			isa = PBXFrameworksBuildPhase;
			buildActionMask = 2147483647;
			files = (
				8CDC2D8F666A32207432B9B4 /* Pods_ParstagramTests.framework in Frameworks */,
			);
			runOnlyForDeploymentPostprocessing = 0;
		};
		86AB7E6428FA756E00F7C609 /* Frameworks */ = {
			isa = PBXFrameworksBuildPhase;
			buildActionMask = 2147483647;
			files = (
				21DAA14924F88F8C21CFE9B0 /* Pods_Parstagram_ParstagramUITests.framework in Frameworks */,
			);
			runOnlyForDeploymentPostprocessing = 0;
		};
/* End PBXFrameworksBuildPhase section */

/* Begin PBXGroup section */
		559FEC7FE97FAC7E1E82EBF6 /* Pods */ = {
			isa = PBXGroup;
			children = (
				1A65D39916AF194414674626 /* Pods-Parstagram.debug.xcconfig */,
				0DB753F90874F6C0A72C4396 /* Pods-Parstagram.release.xcconfig */,
				BDD804F7F59D4F0A531C1FAE /* Pods-Parstagram-ParstagramUITests.debug.xcconfig */,
				569B30BA2C05C8782785F1E3 /* Pods-Parstagram-ParstagramUITests.release.xcconfig */,
				6CEF518319D5EC279D894BD2 /* Pods-ParstagramTests.debug.xcconfig */,
				80321F173B8762988E3F4671 /* Pods-ParstagramTests.release.xcconfig */,
			);
			path = Pods;
			sourceTree = "<group>";
		};
		86AB7E3E28FA756D00F7C609 = {
			isa = PBXGroup;
			children = (
				86AB7E4928FA756D00F7C609 /* Parstagram */,
				86AB7E6028FA756E00F7C609 /* ParstagramTests */,
				86AB7E6A28FA756E00F7C609 /* ParstagramUITests */,
				86AB7E4828FA756D00F7C609 /* Products */,
				559FEC7FE97FAC7E1E82EBF6 /* Pods */,
				E6BBB21E9A501E0CAAD8833D /* Frameworks */,
			);
			sourceTree = "<group>";
		};
		86AB7E4828FA756D00F7C609 /* Products */ = {
			isa = PBXGroup;
			children = (
				86AB7E4728FA756D00F7C609 /* Parstagram.app */,
				86AB7E5D28FA756E00F7C609 /* ParstagramTests.xctest */,
				86AB7E6728FA756E00F7C609 /* ParstagramUITests.xctest */,
			);
			name = Products;
			sourceTree = "<group>";
		};
		86AB7E4928FA756D00F7C609 /* Parstagram */ = {
			isa = PBXGroup;
			children = (
				86AB7E4A28FA756D00F7C609 /* AppDelegate.swift */,
				86AB7E4C28FA756D00F7C609 /* SceneDelegate.swift */,
				866CA9E82903B202007BB514 /* CommentCell.swift */,
				866CA9E429039A20007BB514 /* PostCell.swift */,
				8639F73628FA7E500093A12C /* LoginViewController.swift */,
				8639F73828FA7E5F0093A12C /* FeedViewController.swift */,
				86FA30412900A3B9004F63B4 /* CameraViewController.swift */,
				86AB7E5028FA756D00F7C609 /* Main.storyboard */,
				86AB7E5528FA756E00F7C609 /* LaunchScreen.storyboard */,
				86AB7E5828FA756E00F7C609 /* Info.plist */,
				86AB7E5328FA756E00F7C609 /* Assets.xcassets */,
			);
			path = Parstagram;
			sourceTree = "<group>";
		};
		86AB7E6028FA756E00F7C609 /* ParstagramTests */ = {
			isa = PBXGroup;
			children = (
				86AB7E6128FA756E00F7C609 /* ParstagramTests.swift */,
			);
			path = ParstagramTests;
			sourceTree = "<group>";
		};
		86AB7E6A28FA756E00F7C609 /* ParstagramUITests */ = {
			isa = PBXGroup;
			children = (
				86AB7E6B28FA756E00F7C609 /* ParstagramUITests.swift */,
				86AB7E6D28FA756E00F7C609 /* ParstagramUITestsLaunchTests.swift */,
			);
			path = ParstagramUITests;
			sourceTree = "<group>";
		};
		E6BBB21E9A501E0CAAD8833D /* Frameworks */ = {
			isa = PBXGroup;
			children = (
				84F75D19C13D1157EDD8F1D1 /* Pods_Parstagram.framework */,
				1D17AC5421A23CF639B2776D /* Pods_Parstagram_ParstagramUITests.framework */,
				D11E5C3BEBA1CAB34E9D8EDA /* Pods_ParstagramTests.framework */,
			);
			name = Frameworks;
			sourceTree = "<group>";
		};
/* End PBXGroup section */

/* Begin PBXNativeTarget section */
		86AB7E4628FA756D00F7C609 /* Parstagram */ = {
			isa = PBXNativeTarget;
			buildConfigurationList = 86AB7E7128FA756E00F7C609 /* Build configuration list for PBXNativeTarget "Parstagram" */;
			buildPhases = (
				D0187B78B70E663DBA468F70 /* [CP] Check Pods Manifest.lock */,
				86AB7E4328FA756D00F7C609 /* Sources */,
				86AB7E4428FA756D00F7C609 /* Frameworks */,
				86AB7E4528FA756D00F7C609 /* Resources */,
				3F4B85E94F1AC453A1277CED /* [CP] Embed Pods Frameworks */,
			);
			buildRules = (
			);
			dependencies = (
			);
			name = Parstagram;
			productName = Parstagram;
			productReference = 86AB7E4728FA756D00F7C609 /* Parstagram.app */;
			productType = "com.apple.product-type.application";
		};
		86AB7E5C28FA756E00F7C609 /* ParstagramTests */ = {
			isa = PBXNativeTarget;
			buildConfigurationList = 86AB7E7428FA756E00F7C609 /* Build configuration list for PBXNativeTarget "ParstagramTests" */;
			buildPhases = (
				7E8B6B47DB7A76414C616F92 /* [CP] Check Pods Manifest.lock */,
				86AB7E5928FA756E00F7C609 /* Sources */,
				86AB7E5A28FA756E00F7C609 /* Frameworks */,
				86AB7E5B28FA756E00F7C609 /* Resources */,
			);
			buildRules = (
			);
			dependencies = (
				86AB7E5F28FA756E00F7C609 /* PBXTargetDependency */,
			);
			name = ParstagramTests;
			productName = ParstagramTests;
			productReference = 86AB7E5D28FA756E00F7C609 /* ParstagramTests.xctest */;
			productType = "com.apple.product-type.bundle.unit-test";
		};
		86AB7E6628FA756E00F7C609 /* ParstagramUITests */ = {
			isa = PBXNativeTarget;
			buildConfigurationList = 86AB7E7728FA756E00F7C609 /* Build configuration list for PBXNativeTarget "ParstagramUITests" */;
			buildPhases = (
				6C4E5C0262801FCEA2135601 /* [CP] Check Pods Manifest.lock */,
				86AB7E6328FA756E00F7C609 /* Sources */,
				86AB7E6428FA756E00F7C609 /* Frameworks */,
				86AB7E6528FA756E00F7C609 /* Resources */,
				6A633C54125E7FFFA7F13B84 /* [CP] Embed Pods Frameworks */,
			);
			buildRules = (
			);
			dependencies = (
				86AB7E6928FA756E00F7C609 /* PBXTargetDependency */,
			);
			name = ParstagramUITests;
			productName = ParstagramUITests;
			productReference = 86AB7E6728FA756E00F7C609 /* ParstagramUITests.xctest */;
			productType = "com.apple.product-type.bundle.ui-testing";
		};
/* End PBXNativeTarget section */

/* Begin PBXProject section */
		86AB7E3F28FA756D00F7C609 /* Project object */ = {
			isa = PBXProject;
			attributes = {
				BuildIndependentTargetsInParallel = 1;
				LastSwiftUpdateCheck = 1400;
				LastUpgradeCheck = 1400;
				TargetAttributes = {
					86AB7E4628FA756D00F7C609 = {
						CreatedOnToolsVersion = 14.0.1;
					};
					86AB7E5C28FA756E00F7C609 = {
						CreatedOnToolsVersion = 14.0.1;
						TestTargetID = 86AB7E4628FA756D00F7C609;
					};
					86AB7E6628FA756E00F7C609 = {
						CreatedOnToolsVersion = 14.0.1;
						TestTargetID = 86AB7E4628FA756D00F7C609;
					};
				};
			};
			buildConfigurationList = 86AB7E4228FA756D00F7C609 /* Build configuration list for PBXProject "Parstagram" */;
			compatibilityVersion = "Xcode 11.0";
			developmentRegion = en;
			hasScannedForEncodings = 0;
			knownRegions = (
				en,
				Base,
			);
			mainGroup = 86AB7E3E28FA756D00F7C609;
			productRefGroup = 86AB7E4828FA756D00F7C609 /* Products */;
			projectDirPath = "";
			projectRoot = "";
			targets = (
				86AB7E4628FA756D00F7C609 /* Parstagram */,
				86AB7E5C28FA756E00F7C609 /* ParstagramTests */,
				86AB7E6628FA756E00F7C609 /* ParstagramUITests */,
			);
		};
/* End PBXProject section */

/* Begin PBXResourcesBuildPhase section */
		86AB7E4528FA756D00F7C609 /* Resources */ = {
			isa = PBXResourcesBuildPhase;
			buildActionMask = 2147483647;
			files = (
				86AB7E5728FA756E00F7C609 /* LaunchScreen.storyboard in Resources */,
				86AB7E5428FA756E00F7C609 /* Assets.xcassets in Resources */,
				86AB7E5228FA756D00F7C609 /* Main.storyboard in Resources */,
			);
			runOnlyForDeploymentPostprocessing = 0;
		};
		86AB7E5B28FA756E00F7C609 /* Resources */ = {
			isa = PBXResourcesBuildPhase;
			buildActionMask = 2147483647;
			files = (
			);
			runOnlyForDeploymentPostprocessing = 0;
		};
		86AB7E6528FA756E00F7C609 /* Resources */ = {
			isa = PBXResourcesBuildPhase;
			buildActionMask = 2147483647;
			files = (
			);
			runOnlyForDeploymentPostprocessing = 0;
		};
/* End PBXResourcesBuildPhase section */

/* Begin PBXShellScriptBuildPhase section */
		3F4B85E94F1AC453A1277CED /* [CP] Embed Pods Frameworks */ = {
			isa = PBXShellScriptBuildPhase;
			buildActionMask = 2147483647;
			files = (
			);
			inputFileListPaths = (
				"${PODS_ROOT}/Target Support Files/Pods-Parstagram/Pods-Parstagram-frameworks-${CONFIGURATION}-input-files.xcfilelist",
			);
			name = "[CP] Embed Pods Frameworks";
			outputFileListPaths = (
				"${PODS_ROOT}/Target Support Files/Pods-Parstagram/Pods-Parstagram-frameworks-${CONFIGURATION}-output-files.xcfilelist",
			);
			runOnlyForDeploymentPostprocessing = 0;
			shellPath = /bin/sh;
			shellScript = "\"${PODS_ROOT}/Target Support Files/Pods-Parstagram/Pods-Parstagram-frameworks.sh\"\n";
			showEnvVarsInLog = 0;
		};
		6A633C54125E7FFFA7F13B84 /* [CP] Embed Pods Frameworks */ = {
			isa = PBXShellScriptBuildPhase;
			buildActionMask = 2147483647;
			files = (
			);
			inputFileListPaths = (
				"${PODS_ROOT}/Target Support Files/Pods-Parstagram-ParstagramUITests/Pods-Parstagram-ParstagramUITests-frameworks-${CONFIGURATION}-input-files.xcfilelist",
			);
			name = "[CP] Embed Pods Frameworks";
			outputFileListPaths = (
				"${PODS_ROOT}/Target Support Files/Pods-Parstagram-ParstagramUITests/Pods-Parstagram-ParstagramUITests-frameworks-${CONFIGURATION}-output-files.xcfilelist",
			);
			runOnlyForDeploymentPostprocessing = 0;
			shellPath = /bin/sh;
			shellScript = "\"${PODS_ROOT}/Target Support Files/Pods-Parstagram-ParstagramUITests/Pods-Parstagram-ParstagramUITests-frameworks.sh\"\n";
			showEnvVarsInLog = 0;
		};
		6C4E5C0262801FCEA2135601 /* [CP] Check Pods Manifest.lock */ = {
			isa = PBXShellScriptBuildPhase;
			buildActionMask = 2147483647;
			files = (
			);
			inputFileListPaths = (
			);
			inputPaths = (
				"${PODS_PODFILE_DIR_PATH}/Podfile.lock",
				"${PODS_ROOT}/Manifest.lock",
			);
			name = "[CP] Check Pods Manifest.lock";
			outputFileListPaths = (
			);
			outputPaths = (
				"$(DERIVED_FILE_DIR)/Pods-Parstagram-ParstagramUITests-checkManifestLockResult.txt",
			);
			runOnlyForDeploymentPostprocessing = 0;
			shellPath = /bin/sh;
			shellScript = "diff \"${PODS_PODFILE_DIR_PATH}/Podfile.lock\" \"${PODS_ROOT}/Manifest.lock\" > /dev/null\nif [ $? != 0 ] ; then\n    # print error to STDERR\n    echo \"error: The sandbox is not in sync with the Podfile.lock. Run 'pod install' or update your CocoaPods installation.\" >&2\n    exit 1\nfi\n# This output is used by Xcode 'outputs' to avoid re-running this script phase.\necho \"SUCCESS\" > \"${SCRIPT_OUTPUT_FILE_0}\"\n";
			showEnvVarsInLog = 0;
		};
		7E8B6B47DB7A76414C616F92 /* [CP] Check Pods Manifest.lock */ = {
			isa = PBXShellScriptBuildPhase;
			buildActionMask = 2147483647;
			files = (
			);
			inputFileListPaths = (
			);
			inputPaths = (
				"${PODS_PODFILE_DIR_PATH}/Podfile.lock",
				"${PODS_ROOT}/Manifest.lock",
			);
			name = "[CP] Check Pods Manifest.lock";
			outputFileListPaths = (
			);
			outputPaths = (
				"$(DERIVED_FILE_DIR)/Pods-ParstagramTests-checkManifestLockResult.txt",
			);
			runOnlyForDeploymentPostprocessing = 0;
			shellPath = /bin/sh;
			shellScript = "diff \"${PODS_PODFILE_DIR_PATH}/Podfile.lock\" \"${PODS_ROOT}/Manifest.lock\" > /dev/null\nif [ $? != 0 ] ; then\n    # print error to STDERR\n    echo \"error: The sandbox is not in sync with the Podfile.lock. Run 'pod install' or update your CocoaPods installation.\" >&2\n    exit 1\nfi\n# This output is used by Xcode 'outputs' to avoid re-running this script phase.\necho \"SUCCESS\" > \"${SCRIPT_OUTPUT_FILE_0}\"\n";
			showEnvVarsInLog = 0;
		};
		D0187B78B70E663DBA468F70 /* [CP] Check Pods Manifest.lock */ = {
			isa = PBXShellScriptBuildPhase;
			buildActionMask = 2147483647;
			files = (
			);
			inputFileListPaths = (
			);
			inputPaths = (
				"${PODS_PODFILE_DIR_PATH}/Podfile.lock",
				"${PODS_ROOT}/Manifest.lock",
			);
			name = "[CP] Check Pods Manifest.lock";
			outputFileListPaths = (
			);
			outputPaths = (
				"$(DERIVED_FILE_DIR)/Pods-Parstagram-checkManifestLockResult.txt",
			);
			runOnlyForDeploymentPostprocessing = 0;
			shellPath = /bin/sh;
			shellScript = "diff \"${PODS_PODFILE_DIR_PATH}/Podfile.lock\" \"${PODS_ROOT}/Manifest.lock\" > /dev/null\nif [ $? != 0 ] ; then\n    # print error to STDERR\n    echo \"error: The sandbox is not in sync with the Podfile.lock. Run 'pod install' or update your CocoaPods installation.\" >&2\n    exit 1\nfi\n# This output is used by Xcode 'outputs' to avoid re-running this script phase.\necho \"SUCCESS\" > \"${SCRIPT_OUTPUT_FILE_0}\"\n";
			showEnvVarsInLog = 0;
		};
/* End PBXShellScriptBuildPhase section */

/* Begin PBXSourcesBuildPhase section */
		86AB7E4328FA756D00F7C609 /* Sources */ = {
			isa = PBXSourcesBuildPhase;
			buildActionMask = 2147483647;
			files = (
				8639F73728FA7E500093A12C /* LoginViewController.swift in Sources */,
				86FA30422900A3B9004F63B4 /* CameraViewController.swift in Sources */,
				86AB7E4B28FA756D00F7C609 /* AppDelegate.swift in Sources */,
				8639F73928FA7E5F0093A12C /* FeedViewController.swift in Sources */,
				86AB7E4D28FA756D00F7C609 /* SceneDelegate.swift in Sources */,
				866CA9E529039A20007BB514 /* PostCell.swift in Sources */,
				866CA9E92903B202007BB514 /* CommentCell.swift in Sources */,
			);
			runOnlyForDeploymentPostprocessing = 0;
		};
		86AB7E5928FA756E00F7C609 /* Sources */ = {
			isa = PBXSourcesBuildPhase;
			buildActionMask = 2147483647;
			files = (
				86AB7E6228FA756E00F7C609 /* ParstagramTests.swift in Sources */,
			);
			runOnlyForDeploymentPostprocessing = 0;
		};
		86AB7E6328FA756E00F7C609 /* Sources */ = {
			isa = PBXSourcesBuildPhase;
			buildActionMask = 2147483647;
			files = (
				86AB7E6E28FA756E00F7C609 /* ParstagramUITestsLaunchTests.swift in Sources */,
				86AB7E6C28FA756E00F7C609 /* ParstagramUITests.swift in Sources */,
			);
			runOnlyForDeploymentPostprocessing = 0;
		};
/* End PBXSourcesBuildPhase section */

/* Begin PBXTargetDependency section */
		86AB7E5F28FA756E00F7C609 /* PBXTargetDependency */ = {
			isa = PBXTargetDependency;
			target = 86AB7E4628FA756D00F7C609 /* Parstagram */;
			targetProxy = 86AB7E5E28FA756E00F7C609 /* PBXContainerItemProxy */;
		};
		86AB7E6928FA756E00F7C609 /* PBXTargetDependency */ = {
			isa = PBXTargetDependency;
			target = 86AB7E4628FA756D00F7C609 /* Parstagram */;
			targetProxy = 86AB7E6828FA756E00F7C609 /* PBXContainerItemProxy */;
		};
/* End PBXTargetDependency section */

/* Begin PBXVariantGroup section */
		86AB7E5028FA756D00F7C609 /* Main.storyboard */ = {
			isa = PBXVariantGroup;
			children = (
				86AB7E5128FA756D00F7C609 /* Base */,
			);
			name = Main.storyboard;
			sourceTree = "<group>";
		};
		86AB7E5528FA756E00F7C609 /* LaunchScreen.storyboard */ = {
			isa = PBXVariantGroup;
			children = (
				86AB7E5628FA756E00F7C609 /* Base */,
			);
			name = LaunchScreen.storyboard;
			sourceTree = "<group>";
		};
/* End PBXVariantGroup section */

/* Begin XCBuildConfiguration section */
		86AB7E6F28FA756E00F7C609 /* Debug */ = {
			isa = XCBuildConfiguration;
			buildSettings = {
				ALWAYS_SEARCH_USER_PATHS = NO;
				CLANG_ANALYZER_NONNULL = YES;
				CLANG_ANALYZER_NUMBER_OBJECT_CONVERSION = YES_AGGRESSIVE;
				CLANG_CXX_LANGUAGE_STANDARD = "gnu++20";
				CLANG_ENABLE_MODULES = YES;
				CLANG_ENABLE_OBJC_ARC = YES;
				CLANG_ENABLE_OBJC_WEAK = YES;
				CLANG_WARN_BLOCK_CAPTURE_AUTORELEASING = YES;
				CLANG_WARN_BOOL_CONVERSION = YES;
				CLANG_WARN_COMMA = YES;
				CLANG_WARN_CONSTANT_CONVERSION = YES;
				CLANG_WARN_DEPRECATED_OBJC_IMPLEMENTATIONS = YES;
				CLANG_WARN_DIRECT_OBJC_ISA_USAGE = YES_ERROR;
				CLANG_WARN_DOCUMENTATION_COMMENTS = YES;
				CLANG_WARN_EMPTY_BODY = YES;
				CLANG_WARN_ENUM_CONVERSION = YES;
				CLANG_WARN_INFINITE_RECURSION = YES;
				CLANG_WARN_INT_CONVERSION = YES;
				CLANG_WARN_NON_LITERAL_NULL_CONVERSION = YES;
				CLANG_WARN_OBJC_IMPLICIT_RETAIN_SELF = YES;
				CLANG_WARN_OBJC_LITERAL_CONVERSION = YES;
				CLANG_WARN_OBJC_ROOT_CLASS = YES_ERROR;
				CLANG_WARN_QUOTED_INCLUDE_IN_FRAMEWORK_HEADER = YES;
				CLANG_WARN_RANGE_LOOP_ANALYSIS = YES;
				CLANG_WARN_STRICT_PROTOTYPES = YES;
				CLANG_WARN_SUSPICIOUS_MOVE = YES;
				CLANG_WARN_UNGUARDED_AVAILABILITY = YES_AGGRESSIVE;
				CLANG_WARN_UNREACHABLE_CODE = YES;
				CLANG_WARN__DUPLICATE_METHOD_MATCH = YES;
				COPY_PHASE_STRIP = NO;
				DEBUG_INFORMATION_FORMAT = dwarf;
				ENABLE_STRICT_OBJC_MSGSEND = YES;
				ENABLE_TESTABILITY = YES;
				GCC_C_LANGUAGE_STANDARD = gnu11;
				GCC_DYNAMIC_NO_PIC = NO;
				GCC_NO_COMMON_BLOCKS = YES;
				GCC_OPTIMIZATION_LEVEL = 0;
				GCC_PREPROCESSOR_DEFINITIONS = (
					"DEBUG=1",
					"$(inherited)",
				);
				GCC_WARN_64_TO_32_BIT_CONVERSION = YES;
				GCC_WARN_ABOUT_RETURN_TYPE = YES_ERROR;
				GCC_WARN_UNDECLARED_SELECTOR = YES;
				GCC_WARN_UNINITIALIZED_AUTOS = YES_AGGRESSIVE;
				GCC_WARN_UNUSED_FUNCTION = YES;
				GCC_WARN_UNUSED_VARIABLE = YES;
				IPHONEOS_DEPLOYMENT_TARGET = 16.0;
				MTL_ENABLE_DEBUG_INFO = INCLUDE_SOURCE;
				MTL_FAST_MATH = YES;
				ONLY_ACTIVE_ARCH = YES;
				SDKROOT = iphoneos;
				SWIFT_ACTIVE_COMPILATION_CONDITIONS = DEBUG;
				SWIFT_OPTIMIZATION_LEVEL = "-Onone";
			};
			name = Debug;
		};
		86AB7E7028FA756E00F7C609 /* Release */ = {
			isa = XCBuildConfiguration;
			buildSettings = {
				ALWAYS_SEARCH_USER_PATHS = NO;
				CLANG_ANALYZER_NONNULL = YES;
				CLANG_ANALYZER_NUMBER_OBJECT_CONVERSION = YES_AGGRESSIVE;
				CLANG_CXX_LANGUAGE_STANDARD = "gnu++20";
				CLANG_ENABLE_MODULES = YES;
				CLANG_ENABLE_OBJC_ARC = YES;
				CLANG_ENABLE_OBJC_WEAK = YES;
				CLANG_WARN_BLOCK_CAPTURE_AUTORELEASING = YES;
				CLANG_WARN_BOOL_CONVERSION = YES;
				CLANG_WARN_COMMA = YES;
				CLANG_WARN_CONSTANT_CONVERSION = YES;
				CLANG_WARN_DEPRECATED_OBJC_IMPLEMENTATIONS = YES;
				CLANG_WARN_DIRECT_OBJC_ISA_USAGE = YES_ERROR;
				CLANG_WARN_DOCUMENTATION_COMMENTS = YES;
				CLANG_WARN_EMPTY_BODY = YES;
				CLANG_WARN_ENUM_CONVERSION = YES;
				CLANG_WARN_INFINITE_RECURSION = YES;
				CLANG_WARN_INT_CONVERSION = YES;
				CLANG_WARN_NON_LITERAL_NULL_CONVERSION = YES;
				CLANG_WARN_OBJC_IMPLICIT_RETAIN_SELF = YES;
				CLANG_WARN_OBJC_LITERAL_CONVERSION = YES;
				CLANG_WARN_OBJC_ROOT_CLASS = YES_ERROR;
				CLANG_WARN_QUOTED_INCLUDE_IN_FRAMEWORK_HEADER = YES;
				CLANG_WARN_RANGE_LOOP_ANALYSIS = YES;
				CLANG_WARN_STRICT_PROTOTYPES = YES;
				CLANG_WARN_SUSPICIOUS_MOVE = YES;
				CLANG_WARN_UNGUARDED_AVAILABILITY = YES_AGGRESSIVE;
				CLANG_WARN_UNREACHABLE_CODE = YES;
				CLANG_WARN__DUPLICATE_METHOD_MATCH = YES;
				COPY_PHASE_STRIP = NO;
				DEBUG_INFORMATION_FORMAT = "dwarf-with-dsym";
				ENABLE_NS_ASSERTIONS = NO;
				ENABLE_STRICT_OBJC_MSGSEND = YES;
				GCC_C_LANGUAGE_STANDARD = gnu11;
				GCC_NO_COMMON_BLOCKS = YES;
				GCC_WARN_64_TO_32_BIT_CONVERSION = YES;
				GCC_WARN_ABOUT_RETURN_TYPE = YES_ERROR;
				GCC_WARN_UNDECLARED_SELECTOR = YES;
				GCC_WARN_UNINITIALIZED_AUTOS = YES_AGGRESSIVE;
				GCC_WARN_UNUSED_FUNCTION = YES;
				GCC_WARN_UNUSED_VARIABLE = YES;
				IPHONEOS_DEPLOYMENT_TARGET = 16.0;
				MTL_ENABLE_DEBUG_INFO = NO;
				MTL_FAST_MATH = YES;
				SDKROOT = iphoneos;
				SWIFT_COMPILATION_MODE = wholemodule;
				SWIFT_OPTIMIZATION_LEVEL = "-O";
				VALIDATE_PRODUCT = YES;
			};
			name = Release;
		};
		86AB7E7228FA756E00F7C609 /* Debug */ = {
			isa = XCBuildConfiguration;
			baseConfigurationReference = 1A65D39916AF194414674626 /* Pods-Parstagram.debug.xcconfig */;
			buildSettings = {
				ASSETCATALOG_COMPILER_APPICON_NAME = AppIcon;
				ASSETCATALOG_COMPILER_GLOBAL_ACCENT_COLOR_NAME = AccentColor;
				CODE_SIGN_STYLE = Automatic;
				CURRENT_PROJECT_VERSION = 1;
				DEVELOPMENT_TEAM = D37ZSULAQW;
				GENERATE_INFOPLIST_FILE = YES;
				INFOPLIST_FILE = Parstagram/Info.plist;
				INFOPLIST_KEY_UIApplicationSupportsIndirectInputEvents = YES;
				INFOPLIST_KEY_UILaunchStoryboardName = LaunchScreen;
				INFOPLIST_KEY_UIMainStoryboardFile = Main;
				INFOPLIST_KEY_UISupportedInterfaceOrientations_iPad = "UIInterfaceOrientationPortrait UIInterfaceOrientationPortraitUpsideDown UIInterfaceOrientationLandscapeLeft UIInterfaceOrientationLandscapeRight";
				INFOPLIST_KEY_UISupportedInterfaceOrientations_iPhone = "UIInterfaceOrientationPortrait UIInterfaceOrientationLandscapeLeft UIInterfaceOrientationLandscapeRight";
				LD_RUNPATH_SEARCH_PATHS = (
					"$(inherited)",
					"@executable_path/Frameworks",
				);
				MARKETING_VERSION = 1.0;
				PRODUCT_BUNDLE_IDENTIFIER = com.ritik3411.Parstagram;
				PRODUCT_NAME = "$(TARGET_NAME)";
				SWIFT_EMIT_LOC_STRINGS = YES;
				SWIFT_VERSION = 5.0;
				TARGETED_DEVICE_FAMILY = "1,2";
			};
			name = Debug;
		};
		86AB7E7328FA756E00F7C609 /* Release */ = {
			isa = XCBuildConfiguration;
			baseConfigurationReference = 0DB753F90874F6C0A72C4396 /* Pods-Parstagram.release.xcconfig */;
			buildSettings = {
				ASSETCATALOG_COMPILER_APPICON_NAME = AppIcon;
				ASSETCATALOG_COMPILER_GLOBAL_ACCENT_COLOR_NAME = AccentColor;
				CODE_SIGN_STYLE = Automatic;
				CURRENT_PROJECT_VERSION = 1;
				DEVELOPMENT_TEAM = D37ZSULAQW;
				GENERATE_INFOPLIST_FILE = YES;
				INFOPLIST_FILE = Parstagram/Info.plist;
				INFOPLIST_KEY_UIApplicationSupportsIndirectInputEvents = YES;
				INFOPLIST_KEY_UILaunchStoryboardName = LaunchScreen;
				INFOPLIST_KEY_UIMainStoryboardFile = Main;
				INFOPLIST_KEY_UISupportedInterfaceOrientations_iPad = "UIInterfaceOrientationPortrait UIInterfaceOrientationPortraitUpsideDown UIInterfaceOrientationLandscapeLeft UIInterfaceOrientationLandscapeRight";
				INFOPLIST_KEY_UISupportedInterfaceOrientations_iPhone = "UIInterfaceOrientationPortrait UIInterfaceOrientationLandscapeLeft UIInterfaceOrientationLandscapeRight";
				LD_RUNPATH_SEARCH_PATHS = (
					"$(inherited)",
					"@executable_path/Frameworks",
				);
				MARKETING_VERSION = 1.0;
				PRODUCT_BUNDLE_IDENTIFIER = com.ritik3411.Parstagram;
				PRODUCT_NAME = "$(TARGET_NAME)";
				SWIFT_EMIT_LOC_STRINGS = YES;
				SWIFT_VERSION = 5.0;
				TARGETED_DEVICE_FAMILY = "1,2";
			};
			name = Release;
		};
		86AB7E7528FA756E00F7C609 /* Debug */ = {
			isa = XCBuildConfiguration;
			baseConfigurationReference = 6CEF518319D5EC279D894BD2 /* Pods-ParstagramTests.debug.xcconfig */;
			buildSettings = {
				ALWAYS_EMBED_SWIFT_STANDARD_LIBRARIES = YES;
				BUNDLE_LOADER = "$(TEST_HOST)";
				CODE_SIGN_STYLE = Automatic;
				CURRENT_PROJECT_VERSION = 1;
				DEVELOPMENT_TEAM = D37ZSULAQW;
				GENERATE_INFOPLIST_FILE = YES;
				IPHONEOS_DEPLOYMENT_TARGET = 16.0;
				MARKETING_VERSION = 1.0;
				PRODUCT_BUNDLE_IDENTIFIER = com.ritik3411.ParstagramTests;
				PRODUCT_NAME = "$(TARGET_NAME)";
				SWIFT_EMIT_LOC_STRINGS = NO;
				SWIFT_VERSION = 5.0;
				TARGETED_DEVICE_FAMILY = "1,2";
				TEST_HOST = "$(BUILT_PRODUCTS_DIR)/Parstagram.app/$(BUNDLE_EXECUTABLE_FOLDER_PATH)/Parstagram";
			};
			name = Debug;
		};
		86AB7E7628FA756E00F7C609 /* Release */ = {
			isa = XCBuildConfiguration;
			baseConfigurationReference = 80321F173B8762988E3F4671 /* Pods-ParstagramTests.release.xcconfig */;
			buildSettings = {
				ALWAYS_EMBED_SWIFT_STANDARD_LIBRARIES = YES;
				BUNDLE_LOADER = "$(TEST_HOST)";
				CODE_SIGN_STYLE = Automatic;
				CURRENT_PROJECT_VERSION = 1;
				DEVELOPMENT_TEAM = D37ZSULAQW;
				GENERATE_INFOPLIST_FILE = YES;
				IPHONEOS_DEPLOYMENT_TARGET = 16.0;
				MARKETING_VERSION = 1.0;
				PRODUCT_BUNDLE_IDENTIFIER = com.ritik3411.ParstagramTests;
				PRODUCT_NAME = "$(TARGET_NAME)";
				SWIFT_EMIT_LOC_STRINGS = NO;
				SWIFT_VERSION = 5.0;
				TARGETED_DEVICE_FAMILY = "1,2";
				TEST_HOST = "$(BUILT_PRODUCTS_DIR)/Parstagram.app/$(BUNDLE_EXECUTABLE_FOLDER_PATH)/Parstagram";
			};
			name = Release;
		};
		86AB7E7828FA756E00F7C609 /* Debug */ = {
			isa = XCBuildConfiguration;
			baseConfigurationReference = BDD804F7F59D4F0A531C1FAE /* Pods-Parstagram-ParstagramUITests.debug.xcconfig */;
			buildSettings = {
				ALWAYS_EMBED_SWIFT_STANDARD_LIBRARIES = YES;
				CODE_SIGN_STYLE = Automatic;
				CURRENT_PROJECT_VERSION = 1;
				DEVELOPMENT_TEAM = D37ZSULAQW;
				GENERATE_INFOPLIST_FILE = YES;
				MARKETING_VERSION = 1.0;
				PRODUCT_BUNDLE_IDENTIFIER = com.ritik3411.ParstagramUITests;
				PRODUCT_NAME = "$(TARGET_NAME)";
				SWIFT_EMIT_LOC_STRINGS = NO;
				SWIFT_VERSION = 5.0;
				TARGETED_DEVICE_FAMILY = "1,2";
				TEST_TARGET_NAME = Parstagram;
			};
			name = Debug;
		};
		86AB7E7928FA756E00F7C609 /* Release */ = {
			isa = XCBuildConfiguration;
			baseConfigurationReference = 569B30BA2C05C8782785F1E3 /* Pods-Parstagram-ParstagramUITests.release.xcconfig */;
			buildSettings = {
				ALWAYS_EMBED_SWIFT_STANDARD_LIBRARIES = YES;
				CODE_SIGN_STYLE = Automatic;
				CURRENT_PROJECT_VERSION = 1;
				DEVELOPMENT_TEAM = D37ZSULAQW;
				GENERATE_INFOPLIST_FILE = YES;
				MARKETING_VERSION = 1.0;
				PRODUCT_BUNDLE_IDENTIFIER = com.ritik3411.ParstagramUITests;
				PRODUCT_NAME = "$(TARGET_NAME)";
				SWIFT_EMIT_LOC_STRINGS = NO;
				SWIFT_VERSION = 5.0;
				TARGETED_DEVICE_FAMILY = "1,2";
				TEST_TARGET_NAME = Parstagram;
			};
			name = Release;
		};
/* End XCBuildConfiguration section */

/* Begin XCConfigurationList section */
		86AB7E4228FA756D00F7C609 /* Build configuration list for PBXProject "Parstagram" */ = {
			isa = XCConfigurationList;
			buildConfigurations = (
				86AB7E6F28FA756E00F7C609 /* Debug */,
				86AB7E7028FA756E00F7C609 /* Release */,
			);
			defaultConfigurationIsVisible = 0;
			defaultConfigurationName = Release;
		};
		86AB7E7128FA756E00F7C609 /* Build configuration list for PBXNativeTarget "Parstagram" */ = {
			isa = XCConfigurationList;
			buildConfigurations = (
				86AB7E7228FA756E00F7C609 /* Debug */,
				86AB7E7328FA756E00F7C609 /* Release */,
			);
			defaultConfigurationIsVisible = 0;
			defaultConfigurationName = Release;
		};
		86AB7E7428FA756E00F7C609 /* Build configuration list for PBXNativeTarget "ParstagramTests" */ = {
			isa = XCConfigurationList;
			buildConfigurations = (
				86AB7E7528FA756E00F7C609 /* Debug */,
				86AB7E7628FA756E00F7C609 /* Release */,
			);
			defaultConfigurationIsVisible = 0;
			defaultConfigurationName = Release;
		};
		86AB7E7728FA756E00F7C609 /* Build configuration list for PBXNativeTarget "ParstagramUITests" */ = {
			isa = XCConfigurationList;
			buildConfigurations = (
				86AB7E7828FA756E00F7C609 /* Debug */,
				86AB7E7928FA756E00F7C609 /* Release */,
			);
			defaultConfigurationIsVisible = 0;
			defaultConfigurationName = Release;
		};
/* End XCConfigurationList section */
	};
	rootObject = 86AB7E3F28FA756D00F7C609 /* Project object */;
}
